# This file is automatically @generated by Cargo.
# It is not intended for manual editing.
version = 3

[[package]]
name = "inti25_rust_lib1"
version = "0.0.1"
source = "registry+https://github.com/rust-lang/crates.io-index"
checksum = "e8755fda653a7d669929cb23e765b62171bd3a9c9add41683e7e7294f09605a5"

[[package]]
name = "inti25_solana_lib"
version = "0.0.1"
dependencies = [
 "inti25_rust_lib1",
]
